
Microsoft Visual Studio Solution File, Format Version 11.00
# Visual Studio 2010
Project("{FAE04EC0-301F-11D3-BF4B-00C04F79EFBC}") = "Uploader-2010", "Uploader\Uploader-2010.csproj", "{2F690BBD-7D96-487E-9A17-DDB0B7378899}"
EndProject
Project("{FAE04EC0-301F-11D3-BF4B-00C04F79EFBC}") = "TestUploader-2010", "TestUploader\TestUploader-2010.csproj", "{C11CC156-27E8-40C2-B7B3-23647F49B96A}"
EndProject
Project("{FAE04EC0-301F-11D3-BF4B-00C04F79EFBC}") = "WebserviceFileSystem", "WebserviceFileSystem\WebserviceFileSystem.csproj", "{7B67BBB0-26E4-4662-A7BB-BBAC28D0C5A3}"
EndProject
Project("{FAE04EC0-301F-11D3-BF4B-00C04F79EFBC}") = "FileSystem", "FileSystem\FileSystem.csproj", "{70F2BB4A-D74C-4C5A-9148-6E990FBAD3AD}"
EndProject
Project("{FAE04EC0-301F-11D3-BF4B-00C04F79EFBC}") = "LocalFileSystem", "LocalFileSystem\LocalFileSystem.csproj", "{A02BE2BA-5E03-47DC-8961-EB810F090EB3}"
EndProject
Global
	GlobalSection(SolutionConfigurationPlatforms) = preSolution
		Debug|Any CPU = Debug|Any CPU
		Release|Any CPU = Release|Any CPU
	EndGlobalSection
	GlobalSection(ProjectConfigurationPlatforms) = postSolution
		{2F690BBD-7D96-487E-9A17-DDB0B7378899}.Debug|Any CPU.ActiveCfg = Debug|Any CPU
		{2F690BBD-7D96-487E-9A17-DDB0B7378899}.Debug|Any CPU.Build.0 = Debug|Any CPU
		{2F690BBD-7D96-487E-9A17-DDB0B7378899}.Release|Any CPU.ActiveCfg = Release|Any CPU
		{2F690BBD-7D96-487E-9A17-DDB0B7378899}.Release|Any CPU.Build.0 = Release|Any CPU
		{C11CC156-27E8-40C2-B7B3-23647F49B96A}.Debug|Any CPU.ActiveCfg = Debug|Any CPU
		{C11CC156-27E8-40C2-B7B3-23647F49B96A}.Debug|Any CPU.Build.0 = Debug|Any CPU
		{C11CC156-27E8-40C2-B7B3-23647F49B96A}.Release|Any CPU.ActiveCfg = Release|Any CPU
		{C11CC156-27E8-40C2-B7B3-23647F49B96A}.Release|Any CPU.Build.0 = Release|Any CPU
		{7B67BBB0-26E4-4662-A7BB-BBAC28D0C5A3}.Debug|Any CPU.ActiveCfg = Debug|Any CPU
		{7B67BBB0-26E4-4662-A7BB-BBAC28D0C5A3}.Debug|Any CPU.Build.0 = Debug|Any CPU
		{7B67BBB0-26E4-4662-A7BB-BBAC28D0C5A3}.Release|Any CPU.ActiveCfg = Release|Any CPU
		{7B67BBB0-26E4-4662-A7BB-BBAC28D0C5A3}.Release|Any CPU.Build.0 = Release|Any CPU
		{70F2BB4A-D74C-4C5A-9148-6E990FBAD3AD}.Debug|Any CPU.ActiveCfg = Debug|Any CPU
		{70F2BB4A-D74C-4C5A-9148-6E990FBAD3AD}.Debug|Any CPU.Build.0 = Debug|Any CPU
		{70F2BB4A-D74C-4C5A-9148-6E990FBAD3AD}.Release|Any CPU.ActiveCfg = Release|Any CPU
		{70F2BB4A-D74C-4C5A-9148-6E990FBAD3AD}.Release|Any CPU.Build.0 = Release|Any CPU
		{A02BE2BA-5E03-47DC-8961-EB810F090EB3}.Debug|Any CPU.ActiveCfg = Debug|Any CPU
		{A02BE2BA-5E03-47DC-8961-EB810F090EB3}.Debug|Any CPU.Build.0 = Debug|Any CPU
		{A02BE2BA-5E03-47DC-8961-EB810F090EB3}.Release|Any CPU.ActiveCfg = Release|Any CPU
		{A02BE2BA-5E03-47DC-8961-EB810F090EB3}.Release|Any CPU.Build.0 = Release|Any CPU
	EndGlobalSection
	GlobalSection(SolutionProperties) = preSolution
		HideSolutionNode = FALSE
	EndGlobalSection
EndGlobal
