
Microsoft Visual Studio Solution File, Format Version 9.00
# Visual Studio 2005
Project("{FAE04EC0-301F-11D3-BF4B-00C04F79EFBC}") = "WebService", "WebService\WebService.csproj", "{682C6D2E-8EA4-4CD5-BC27-8E37B49CF42B}"
	ProjectSection(WebsiteProperties) = preProject
		Debug.AspNetCompiler.Debug = "True"
		Release.AspNetCompiler.Debug = "False"
	EndProjectSection
EndProject
Project("{FAE04EC0-301F-11D3-BF4B-00C04F79EFBC}") = "WebServiceWindowsClient", "WebServiceWindowsClient\WebServiceWindowsClient.csproj", "{ADC963B8-6854-4C63-AB49-8DFDFFF26317}"
	ProjectSection(WebsiteProperties) = preProject
		Debug.AspNetCompiler.Debug = "True"
		Release.AspNetCompiler.Debug = "False"
	EndProjectSection
EndProject
Global
	GlobalSection(SolutionConfigurationPlatforms) = preSolution
		Debug|Any CPU = Debug|Any CPU
		Release|Any CPU = Release|Any CPU
	EndGlobalSection
	GlobalSection(ProjectConfigurationPlatforms) = postSolution
		{682C6D2E-8EA4-4CD5-BC27-8E37B49CF42B}.Debug|Any CPU.ActiveCfg = Debug|Any CPU
		{682C6D2E-8EA4-4CD5-BC27-8E37B49CF42B}.Debug|Any CPU.Build.0 = Debug|Any CPU
		{682C6D2E-8EA4-4CD5-BC27-8E37B49CF42B}.Release|Any CPU.ActiveCfg = Release|Any CPU
		{682C6D2E-8EA4-4CD5-BC27-8E37B49CF42B}.Release|Any CPU.Build.0 = Release|Any CPU
		{ADC963B8-6854-4C63-AB49-8DFDFFF26317}.Debug|Any CPU.ActiveCfg = Debug|Any CPU
		{ADC963B8-6854-4C63-AB49-8DFDFFF26317}.Debug|Any CPU.Build.0 = Debug|Any CPU
		{ADC963B8-6854-4C63-AB49-8DFDFFF26317}.Release|Any CPU.ActiveCfg = Release|Any CPU
		{ADC963B8-6854-4C63-AB49-8DFDFFF26317}.Release|Any CPU.Build.0 = Release|Any CPU
	EndGlobalSection
	GlobalSection(SolutionProperties) = preSolution
		HideSolutionNode = FALSE
	EndGlobalSection
EndGlobal
